// !$*UTF8*$!
{
	archiveVersion = 1;
	classes = {
	};
	objectVersion = 77;
	objects = {

/* Begin PBXFileReference section */
		FA1B5E582F79E93200F440FF /* index.html */ = {isa = PBXFileReference; lastKnownFileType = text.html; path = index.html; sourceTree = "<group>"; };
		FA1B5E592F79E94900F440FF /* style.css */ = {isa = PBXFileReference; lastKnownFileType = text.css; path = style.css; sourceTree = "<group>"; };
/* End PBXFileReference section */

/* Begin PBXGroup section */
		FA1B5E512F79E85100F440FF = {
			isa = PBXGroup;
			children = (
				FA1B5E582F79E93200F440FF /* index.html */,
				FA1B5E592F79E94900F440FF /* style.css */,
			);
			sourceTree = "<group>";
		};
/* End PBXGroup section */

/* Begin PBXProject section */
		FA1B5E522F79E85100F440FF /* Project object */ = {
			isa = PBXProject;
			attributes = {
				BuildIndependentTargetsInParallel = 1;
				LastUpgradeCheck = 2640;
			};
			buildConfigurationList = FA1B5E552F79E85100F440FF /* Build configuration list for PBXProject "Assignment #1 UI Components" */;
			developmentRegion = en;
			hasScannedForEncodings = 0;
			knownRegions = (
				en,
				Base,
			);
			mainGroup = FA1B5E512F79E85100F440FF;
			minimizedProjectReferenceProxies = 1;
			preferredProjectObjectVersion = 77;
			projectDirPath = "";
			projectRoot = "";
			targets = (
			);
		};
/* End PBXProject section */

/* Begin XCBuildConfiguration section */
		FA1B5E562F79E85100F440FF /* Debug */ = {
			isa = XCBuildConfiguration;
			buildSettings = {
			};
			name = Debug;
		};
		FA1B5E572F79E85100F440FF /* Release */ = {
			isa = XCBuildConfiguration;
			buildSettings = {
			};
			name = Release;
		};
/* End XCBuildConfiguration section */

/* Begin XCConfigurationList section */
		FA1B5E552F79E85100F440FF /* Build configuration list for PBXProject "Assignment #1 UI Components" */ = {
			isa = XCConfigurationList;
			buildConfigurations = (
				FA1B5E562F79E85100F440FF /* Debug */,
				FA1B5E572F79E85100F440FF /* Release */,
			);
			defaultConfigurationIsVisible = 0;
			defaultConfigurationName = Release;
		};
/* End XCConfigurationList section */
	};
	rootObject = FA1B5E522F79E85100F440FF /* Project object */;
}
